github.com/lucide-icons/lucide v0.265.1-0.20260618124127-cf0e1e44baa6 h1:Zxk4LQ8kqpRwAH9jOqvalW+7JRWmDwT9aRcDjJdRO64=
github.com/lucide-icons/lucide v0.265.1-0.20260618124127-cf0e1e44baa6/go.mod h1:0HX/9u6n25zuV2HgBIuqfMfDktGNXmsvYqL1cOK4aWc=
github.com/simple-icons/simple-icons v0.0.0-20260607021030-c3777a7e48a5 h1:KMtcHeiD7TpsH/GQhibbHc1Nd8SB3p2VW6S3lCYk4Vs=
github.com/simple-icons/simple-icons v0.0.0-20260607021030-c3777a7e48a5/go.mod h1:oOgUUt8yVYOso/wEBi2ojfZP2MU/xxiNccIpaE+jCvE=
